{
  "name": "my-app",
  "version": "1.0.0",
  "lockfileVersion": 2,
  "requires": true,
  "packages": {
    "": {
      "name": "my-app",
      "version": "1.0.0",
      "license": "ISC",
      "dependencies": {
        "@bryntum/calendar": "^5.1.3"
      }
    },
    "node_modules/@bryntum/calendar": {
      "version": "5.1.3",
      "resolved": "https://npm.bryntum.com/@bryntum%2fcalendar/-/calendar-5.1.3.tgz",
      "integrity": "sha512-eS57+SE/9O4ikfJN09FUXIDYw+lF6Y+WnPSuv5bY8/wdeu/uNxQt7gbQldEDyI3rv56V7FcuewDFPUpKWE8exg==",
      "hasInstallScript": true,
      "license": "Commercial",
      "dependencies": {
        "@bryntum/calendar-lib": "1.0.0"
      },
      "engines": {
        "node": ">=0.10.0"
      }
    },
    "node_modules/@bryntum/calendar-lib": {
      "version": "1.0.0",
      "resolved": "https://npm.bryntum.com/@bryntum%2fcalendar-lib/-/calendar-lib-1.0.0.tgz",
      "integrity": "sha512-cXGW7o9fFYaP3pGUwjXXhWhZ7+ED5RnDeBtbJNl4MfK69T63kWJYk8OzS9ugS6prKH88qIAAvTm1bJtcQZPyBQ==",
      "license": "Commercial",
      "engines": {
        "node": ">=0.10.0"
      }
    }
  },
  "dependencies": {
    "@bryntum/calendar": {
      "version": "5.1.3",
      "resolved": "https://npm.bryntum.com/@bryntum%2fcalendar/-/calendar-5.1.3.tgz",
      "integrity": "sha512-eS57+SE/9O4ikfJN09FUXIDYw+lF6Y+WnPSuv5bY8/wdeu/uNxQt7gbQldEDyI3rv56V7FcuewDFPUpKWE8exg==",
      "requires": {
        "@bryntum/calendar-lib": "1.0.0"
      }
    },
    "@bryntum/calendar-lib": {
      "version": "1.0.0",
      "resolved": "https://npm.bryntum.com/@bryntum%2fcalendar-lib/-/calendar-lib-1.0.0.tgz",
      "integrity": "sha512-cXGW7o9fFYaP3pGUwjXXhWhZ7+ED5RnDeBtbJNl4MfK69T63kWJYk8OzS9ugS6prKH88qIAAvTm1bJtcQZPyBQ=="
    }
  }
}
